
Microsoft Visual Studio Solution File, Format Version 12.00
# Visual Studio Version 16
VisualStudioVersion = 16.0.29102.190
MinimumVisualStudioVersion = 10.0.40219.1
Project("{9A19103F-16F7-4668-BE54-9A1E7A4F7556}") = "Persistence", "Persistence\Persistence.csproj", "{1F8F682F-3C7B-4EF8-9AB9-A029C3CA3CB0}"
EndProject
Project("{9A19103F-16F7-4668-BE54-9A1E7A4F7556}") = "Domain", "Domain\Domain.csproj", "{AE013BBD-FBF0-49C5-BC7B-FC5073D6F78E}"
EndProject
Project("{9A19103F-16F7-4668-BE54-9A1E7A4F7556}") = "Api", "Api\Api.csproj", "{FD328190-9F5E-4E88-91F1-7E45810F90E6}"
EndProject
Project("{9A19103F-16F7-4668-BE54-9A1E7A4F7556}") = "Persistence.Tests", "Persistence.Tests\Persistence.Tests.csproj", "{5A687569-B0C5-4E52-B15C-235905BD13AA}"
EndProject
Project("{9A19103F-16F7-4668-BE54-9A1E7A4F7556}") = "Domain.Tests", "Domain.Tests\Domain.Tests.csproj", "{9B2A111A-B25B-4A78-BFD0-0E0C7E355F7B}"
EndProject
Project("{FAE04EC0-301F-11D3-BF4B-00C04F79EFBC}") = "Test.Common", "Test.Common\Test.Common.csproj", "{600FE131-9FE4-484E-9098-8848CA32BA2E}"
EndProject
Global
	GlobalSection(SolutionConfigurationPlatforms) = preSolution
		Debug|Any CPU = Debug|Any CPU
		Release|Any CPU = Release|Any CPU
	EndGlobalSection
	GlobalSection(ProjectConfigurationPlatforms) = postSolution
		{1F8F682F-3C7B-4EF8-9AB9-A029C3CA3CB0}.Debug|Any CPU.ActiveCfg = Debug|Any CPU
		{1F8F682F-3C7B-4EF8-9AB9-A029C3CA3CB0}.Debug|Any CPU.Build.0 = Debug|Any CPU
		{1F8F682F-3C7B-4EF8-9AB9-A029C3CA3CB0}.Release|Any CPU.ActiveCfg = Release|Any CPU
		{1F8F682F-3C7B-4EF8-9AB9-A029C3CA3CB0}.Release|Any CPU.Build.0 = Release|Any CPU
		{AE013BBD-FBF0-49C5-BC7B-FC5073D6F78E}.Debug|Any CPU.ActiveCfg = Debug|Any CPU
		{AE013BBD-FBF0-49C5-BC7B-FC5073D6F78E}.Debug|Any CPU.Build.0 = Debug|Any CPU
		{AE013BBD-FBF0-49C5-BC7B-FC5073D6F78E}.Release|Any CPU.ActiveCfg = Release|Any CPU
		{AE013BBD-FBF0-49C5-BC7B-FC5073D6F78E}.Release|Any CPU.Build.0 = Release|Any CPU
		{FD328190-9F5E-4E88-91F1-7E45810F90E6}.Debug|Any CPU.ActiveCfg = Debug|Any CPU
		{FD328190-9F5E-4E88-91F1-7E45810F90E6}.Debug|Any CPU.Build.0 = Debug|Any CPU
		{FD328190-9F5E-4E88-91F1-7E45810F90E6}.Release|Any CPU.ActiveCfg = Release|Any CPU
		{FD328190-9F5E-4E88-91F1-7E45810F90E6}.Release|Any CPU.Build.0 = Release|Any CPU
		{5A687569-B0C5-4E52-B15C-235905BD13AA}.Debug|Any CPU.ActiveCfg = Debug|Any CPU
		{5A687569-B0C5-4E52-B15C-235905BD13AA}.Debug|Any CPU.Build.0 = Debug|Any CPU
		{5A687569-B0C5-4E52-B15C-235905BD13AA}.Release|Any CPU.ActiveCfg = Release|Any CPU
		{5A687569-B0C5-4E52-B15C-235905BD13AA}.Release|Any CPU.Build.0 = Release|Any CPU
		{9B2A111A-B25B-4A78-BFD0-0E0C7E355F7B}.Debug|Any CPU.ActiveCfg = Debug|Any CPU
		{9B2A111A-B25B-4A78-BFD0-0E0C7E355F7B}.Debug|Any CPU.Build.0 = Debug|Any CPU
		{9B2A111A-B25B-4A78-BFD0-0E0C7E355F7B}.Release|Any CPU.ActiveCfg = Release|Any CPU
		{9B2A111A-B25B-4A78-BFD0-0E0C7E355F7B}.Release|Any CPU.Build.0 = Release|Any CPU
		{600FE131-9FE4-484E-9098-8848CA32BA2E}.Debug|Any CPU.ActiveCfg = Debug|Any CPU
		{600FE131-9FE4-484E-9098-8848CA32BA2E}.Debug|Any CPU.Build.0 = Debug|Any CPU
		{600FE131-9FE4-484E-9098-8848CA32BA2E}.Release|Any CPU.ActiveCfg = Release|Any CPU
		{600FE131-9FE4-484E-9098-8848CA32BA2E}.Release|Any CPU.Build.0 = Release|Any CPU
	EndGlobalSection
	GlobalSection(SolutionProperties) = preSolution
		HideSolutionNode = FALSE
	EndGlobalSection
	GlobalSection(ExtensibilityGlobals) = postSolution
		SolutionGuid = {63C384D4-D51F-442A-97FA-30FF3AF9AAF5}
	EndGlobalSection
EndGlobal
