
Microsoft Visual Studio Solution File, Format Version 12.00
# Visual Studio 15
VisualStudioVersion = 15.0.28307.271
MinimumVisualStudioVersion = 10.0.40219.1
Project("{FAE04EC0-301F-11D3-BF4B-00C04F79EFBC}") = "climb_track_api", "climb_track_api\climb_track_api.csproj", "{27686746-6828-4C77-9812-35DA40423BFC}"
EndProject
Global
	GlobalSection(SolutionConfigurationPlatforms) = preSolution
		Debug|Any CPU = Debug|Any CPU
		Release|Any CPU = Release|Any CPU
	EndGlobalSection
	GlobalSection(ProjectConfigurationPlatforms) = postSolution
		{27686746-6828-4C77-9812-35DA40423BFC}.Debug|Any CPU.ActiveCfg = Debug|Any CPU
		{27686746-6828-4C77-9812-35DA40423BFC}.Debug|Any CPU.Build.0 = Debug|Any CPU
		{27686746-6828-4C77-9812-35DA40423BFC}.Release|Any CPU.ActiveCfg = Release|Any CPU
		{27686746-6828-4C77-9812-35DA40423BFC}.Release|Any CPU.Build.0 = Release|Any CPU
	EndGlobalSection
	GlobalSection(SolutionProperties) = preSolution
		HideSolutionNode = FALSE
	EndGlobalSection
	GlobalSection(ExtensibilityGlobals) = postSolution
		SolutionGuid = {97806E40-1C9A-45B5-BFC7-AB4DFF11025B}
	EndGlobalSection
EndGlobal
